
Microsoft Visual Studio Solution File, Format Version 12.00
# Visual Studio Version 17
VisualStudioVersion = 17.4.33213.308
MinimumVisualStudioVersion = 10.0.40219.1
Project("{9A19103F-16F7-4668-BE54-9A1E7A4F7556}") = "AdvancedClock", "AdvancedClock\AdvancedClock.csproj", "{401390B5-DCDB-49FA-98FF-E4ABD5E9506E}"
EndProject
Project("{2150E333-8FDC-42A3-9474-1A3956D46DE8}") = "Solution Items", "Solution Items", "{279FCE39-147F-4481-BFB0-DADB5ABB46E2}"
	ProjectSection(SolutionItems) = preProject
		.editorconfig = .editorconfig
	EndProjectSection
EndProject
Global
	GlobalSection(SolutionConfigurationPlatforms) = preSolution
		Debug|Any CPU = Debug|Any CPU
		Release|Any CPU = Release|Any CPU
	EndGlobalSection
	GlobalSection(ProjectConfigurationPlatforms) = postSolution
		{401390B5-DCDB-49FA-98FF-E4ABD5E9506E}.Debug|Any CPU.ActiveCfg = Debug|Any CPU
		{401390B5-DCDB-49FA-98FF-E4ABD5E9506E}.Debug|Any CPU.Build.0 = Debug|Any CPU
		{401390B5-DCDB-49FA-98FF-E4ABD5E9506E}.Release|Any CPU.ActiveCfg = Release|Any CPU
		{401390B5-DCDB-49FA-98FF-E4ABD5E9506E}.Release|Any CPU.Build.0 = Release|Any CPU
	EndGlobalSection
	GlobalSection(SolutionProperties) = preSolution
		HideSolutionNode = FALSE
	EndGlobalSection
	GlobalSection(ExtensibilityGlobals) = postSolution
		SolutionGuid = {08F4A955-F58E-4267-8FE4-1A60A002D8C1}
	EndGlobalSection
EndGlobal
